
Microsoft Visual Studio Solution File, Format Version 12.00
# Visual Studio 15
Project("{FAE04EC0-301F-11D3-BF4B-00C04F79EFBC}") = "IPUnifiedComm.Droid", "Droid\IPUnifiedComm.Droid.csproj", "{8803BE30-9F0A-450E-ADB5-B5AE172F9D3B}"
EndProject
Project("{FAE04EC0-301F-11D3-BF4B-00C04F79EFBC}") = "IPUnifiedComm.iOS", "iOS\IPUnifiedComm.iOS.csproj", "{6B4C3DBC-820B-420A-B552-6E57C988E2F0}"
EndProject
Project("{FAE04EC0-301F-11D3-BF4B-00C04F79EFBC}") = "IPUnifiedComm.Core", "IPUnifiedComm.Core\IPUnifiedComm.Core.csproj", "{3C39EC33-9870-4AFD-90EC-FA144F26E41C}"
EndProject
Global
	GlobalSection(SolutionConfigurationPlatforms) = preSolution
		Debug|Any CPU = Debug|Any CPU
		Release|Any CPU = Release|Any CPU
		Debug|iPhoneSimulator = Debug|iPhoneSimulator
		Release|iPhone = Release|iPhone
		Release|iPhoneSimulator = Release|iPhoneSimulator
		Debug|iPhone = Debug|iPhone
	EndGlobalSection
	GlobalSection(ProjectConfigurationPlatforms) = postSolution
		{8803BE30-9F0A-450E-ADB5-B5AE172F9D3B}.Debug|Any CPU.ActiveCfg = Debug|Any CPU
		{8803BE30-9F0A-450E-ADB5-B5AE172F9D3B}.Debug|Any CPU.Build.0 = Debug|Any CPU
		{8803BE30-9F0A-450E-ADB5-B5AE172F9D3B}.Release|Any CPU.ActiveCfg = Release|Any CPU
		{8803BE30-9F0A-450E-ADB5-B5AE172F9D3B}.Release|Any CPU.Build.0 = Release|Any CPU
		{8803BE30-9F0A-450E-ADB5-B5AE172F9D3B}.Debug|iPhoneSimulator.ActiveCfg = Debug|Any CPU
		{8803BE30-9F0A-450E-ADB5-B5AE172F9D3B}.Debug|iPhoneSimulator.Build.0 = Debug|Any CPU
		{8803BE30-9F0A-450E-ADB5-B5AE172F9D3B}.Release|iPhone.ActiveCfg = Release|Any CPU
		{8803BE30-9F0A-450E-ADB5-B5AE172F9D3B}.Release|iPhone.Build.0 = Release|Any CPU
		{8803BE30-9F0A-450E-ADB5-B5AE172F9D3B}.Release|iPhoneSimulator.ActiveCfg = Release|Any CPU
		{8803BE30-9F0A-450E-ADB5-B5AE172F9D3B}.Release|iPhoneSimulator.Build.0 = Release|Any CPU
		{8803BE30-9F0A-450E-ADB5-B5AE172F9D3B}.Debug|iPhone.ActiveCfg = Debug|Any CPU
		{8803BE30-9F0A-450E-ADB5-B5AE172F9D3B}.Debug|iPhone.Build.0 = Debug|Any CPU
		{6B4C3DBC-820B-420A-B552-6E57C988E2F0}.Debug|Any CPU.ActiveCfg = Debug|iPhoneSimulator
		{6B4C3DBC-820B-420A-B552-6E57C988E2F0}.Debug|Any CPU.Build.0 = Debug|iPhoneSimulator
		{6B4C3DBC-820B-420A-B552-6E57C988E2F0}.Release|Any CPU.ActiveCfg = Release|iPhone
		{6B4C3DBC-820B-420A-B552-6E57C988E2F0}.Release|Any CPU.Build.0 = Release|iPhone
		{6B4C3DBC-820B-420A-B552-6E57C988E2F0}.Debug|iPhoneSimulator.ActiveCfg = Debug|iPhoneSimulator
		{6B4C3DBC-820B-420A-B552-6E57C988E2F0}.Debug|iPhoneSimulator.Build.0 = Debug|iPhoneSimulator
		{6B4C3DBC-820B-420A-B552-6E57C988E2F0}.Release|iPhone.ActiveCfg = Release|iPhone
		{6B4C3DBC-820B-420A-B552-6E57C988E2F0}.Release|iPhone.Build.0 = Release|iPhone
		{6B4C3DBC-820B-420A-B552-6E57C988E2F0}.Release|iPhoneSimulator.ActiveCfg = Release|iPhoneSimulator
		{6B4C3DBC-820B-420A-B552-6E57C988E2F0}.Release|iPhoneSimulator.Build.0 = Release|iPhoneSimulator
		{6B4C3DBC-820B-420A-B552-6E57C988E2F0}.Debug|iPhone.ActiveCfg = Debug|iPhone
		{6B4C3DBC-820B-420A-B552-6E57C988E2F0}.Debug|iPhone.Build.0 = Debug|iPhone
		{3C39EC33-9870-4AFD-90EC-FA144F26E41C}.Debug|Any CPU.ActiveCfg = Debug|Any CPU
		{3C39EC33-9870-4AFD-90EC-FA144F26E41C}.Debug|Any CPU.Build.0 = Debug|Any CPU
		{3C39EC33-9870-4AFD-90EC-FA144F26E41C}.Release|Any CPU.ActiveCfg = Release|Any CPU
		{3C39EC33-9870-4AFD-90EC-FA144F26E41C}.Release|Any CPU.Build.0 = Release|Any CPU
		{3C39EC33-9870-4AFD-90EC-FA144F26E41C}.Debug|iPhoneSimulator.ActiveCfg = Debug|Any CPU
		{3C39EC33-9870-4AFD-90EC-FA144F26E41C}.Debug|iPhoneSimulator.Build.0 = Debug|Any CPU
		{3C39EC33-9870-4AFD-90EC-FA144F26E41C}.Release|iPhone.ActiveCfg = Release|Any CPU
		{3C39EC33-9870-4AFD-90EC-FA144F26E41C}.Release|iPhone.Build.0 = Release|Any CPU
		{3C39EC33-9870-4AFD-90EC-FA144F26E41C}.Release|iPhoneSimulator.ActiveCfg = Release|Any CPU
		{3C39EC33-9870-4AFD-90EC-FA144F26E41C}.Release|iPhoneSimulator.Build.0 = Release|Any CPU
		{3C39EC33-9870-4AFD-90EC-FA144F26E41C}.Debug|iPhone.ActiveCfg = Debug|Any CPU
		{3C39EC33-9870-4AFD-90EC-FA144F26E41C}.Debug|iPhone.Build.0 = Debug|Any CPU
	EndGlobalSection
EndGlobal
